
Microsoft Visual Studio Solution File, Format Version 12.00
# Visual Studio Version 17
VisualStudioVersion = 17.1.32319.34
MinimumVisualStudioVersion = 10.0.40219.1
Project("{9A19103F-16F7-4668-BE54-9A1E7A4F7556}") = "Hei.Azure.Test", "Hei.Azure.Test\Hei.Azure.Test.csproj", "{2DFD25BF-5006-422F-8FAF-542248193134}"
EndProject
Project("{9A19103F-16F7-4668-BE54-9A1E7A4F7556}") = "Hei.Azure.ConsoleTest", "Hei.Azure.ConsoleTest\Hei.Azure.ConsoleTest.csproj", "{4104F5DF-AD3E-4E5F-8FFB-FBAE5A19CB0C}"
EndProject
Project("{9A19103F-16F7-4668-BE54-9A1E7A4F7556}") = "function-docker", "function-docker\function-docker.csproj", "{DF14559F-880F-4610-BB10-59B1F43D7DD7}"
EndProject
Global
	GlobalSection(SolutionConfigurationPlatforms) = preSolution
		Debug|Any CPU = Debug|Any CPU
		Release|Any CPU = Release|Any CPU
	EndGlobalSection
	GlobalSection(ProjectConfigurationPlatforms) = postSolution
		{2DFD25BF-5006-422F-8FAF-542248193134}.Debug|Any CPU.ActiveCfg = Debug|Any CPU
		{2DFD25BF-5006-422F-8FAF-542248193134}.Debug|Any CPU.Build.0 = Debug|Any CPU
		{2DFD25BF-5006-422F-8FAF-542248193134}.Release|Any CPU.ActiveCfg = Release|Any CPU
		{2DFD25BF-5006-422F-8FAF-542248193134}.Release|Any CPU.Build.0 = Release|Any CPU
		{4104F5DF-AD3E-4E5F-8FFB-FBAE5A19CB0C}.Debug|Any CPU.ActiveCfg = Debug|Any CPU
		{4104F5DF-AD3E-4E5F-8FFB-FBAE5A19CB0C}.Debug|Any CPU.Build.0 = Debug|Any CPU
		{4104F5DF-AD3E-4E5F-8FFB-FBAE5A19CB0C}.Release|Any CPU.ActiveCfg = Release|Any CPU
		{4104F5DF-AD3E-4E5F-8FFB-FBAE5A19CB0C}.Release|Any CPU.Build.0 = Release|Any CPU
		{DF14559F-880F-4610-BB10-59B1F43D7DD7}.Debug|Any CPU.ActiveCfg = Debug|Any CPU
		{DF14559F-880F-4610-BB10-59B1F43D7DD7}.Debug|Any CPU.Build.0 = Debug|Any CPU
		{DF14559F-880F-4610-BB10-59B1F43D7DD7}.Release|Any CPU.ActiveCfg = Release|Any CPU
		{DF14559F-880F-4610-BB10-59B1F43D7DD7}.Release|Any CPU.Build.0 = Release|Any CPU
	EndGlobalSection
	GlobalSection(SolutionProperties) = preSolution
		HideSolutionNode = FALSE
	EndGlobalSection
	GlobalSection(ExtensibilityGlobals) = postSolution
		SolutionGuid = {DEAD65F9-6F40-4A84-BA75-30D2AAD810FF}
	EndGlobalSection
EndGlobal
